// !$*UTF8*$!
{
	archiveVersion = 1;
	classes = {
	};
	objectVersion = 46;
	objects = {

/* Begin PBXBuildFile section */
		2906F2F41A96F7BE0056B55C /* AppDelegate.swift in Sources */ = {isa = PBXBuildFile; fileRef = 2906F2F31A96F7BE0056B55C /* AppDelegate.swift */; };
		2906F2F61A96F7BE0056B55C /* ViewController.swift in Sources */ = {isa = PBXBuildFile; fileRef = 2906F2F51A96F7BE0056B55C /* ViewController.swift */; };
		2906F2F91A96F7BE0056B55C /* Main.storyboard in Resources */ = {isa = PBXBuildFile; fileRef = 2906F2F71A96F7BE0056B55C /* Main.storyboard */; };
		2906F2FB1A96F7BE0056B55C /* Images.xcassets in Resources */ = {isa = PBXBuildFile; fileRef = 2906F2FA1A96F7BE0056B55C /* Images.xcassets */; };
		2906F2FE1A96F7BE0056B55C /* LaunchScreen.xib in Resources */ = {isa = PBXBuildFile; fileRef = 2906F2FC1A96F7BE0056B55C /* LaunchScreen.xib */; };
		2906F30A1A96F7BE0056B55C /* BlackJackTests.swift in Sources */ = {isa = PBXBuildFile; fileRef = 2906F3091A96F7BE0056B55C /* BlackJackTests.swift */; };
/* End PBXBuildFile section */

/* Begin PBXContainerItemProxy section */
		2906F3041A96F7BE0056B55C /* PBXContainerItemProxy */ = {
			isa = PBXContainerItemProxy;
			containerPortal = 2906F2E61A96F7BE0056B55C /* Project object */;
			proxyType = 1;
			remoteGlobalIDString = 2906F2ED1A96F7BE0056B55C;
			remoteInfo = BlackJack;
		};
/* End PBXContainerItemProxy section */

/* Begin PBXFileReference section */
		2906F2EE1A96F7BE0056B55C /* BlackJack.app */ = {isa = PBXFileReference; explicitFileType = wrapper.application; includeInIndex = 0; path = BlackJack.app; sourceTree = BUILT_PRODUCTS_DIR; };
		2906F2F21A96F7BE0056B55C /* Info.plist */ = {isa = PBXFileReference; lastKnownFileType = text.plist.xml; path = Info.plist; sourceTree = "<group>"; };
		2906F2F31A96F7BE0056B55C /* AppDelegate.swift */ = {isa = PBXFileReference; lastKnownFileType = sourcecode.swift; path = AppDelegate.swift; sourceTree = "<group>"; };
		2906F2F51A96F7BE0056B55C /* ViewController.swift */ = {isa = PBXFileReference; lastKnownFileType = sourcecode.swift; path = ViewController.swift; sourceTree = "<group>"; };
		2906F2F81A96F7BE0056B55C /* Base */ = {isa = PBXFileReference; lastKnownFileType = file.storyboard; name = Base; path = Base.lproj/Main.storyboard; sourceTree = "<group>"; };
		2906F2FA1A96F7BE0056B55C /* Images.xcassets */ = {isa = PBXFileReference; lastKnownFileType = folder.assetcatalog; path = Images.xcassets; sourceTree = "<group>"; };
		2906F2FD1A96F7BE0056B55C /* Base */ = {isa = PBXFileReference; lastKnownFileType = file.xib; name = Base; path = Base.lproj/LaunchScreen.xib; sourceTree = "<group>"; };
		2906F3031A96F7BE0056B55C /* BlackJackTests.xctest */ = {isa = PBXFileReference; explicitFileType = wrapper.cfbundle; includeInIndex = 0; path = BlackJackTests.xctest; sourceTree = BUILT_PRODUCTS_DIR; };
		2906F3081A96F7BE0056B55C /* Info.plist */ = {isa = PBXFileReference; lastKnownFileType = text.plist.xml; path = Info.plist; sourceTree = "<group>"; };
		2906F3091A96F7BE0056B55C /* BlackJackTests.swift */ = {isa = PBXFileReference; lastKnownFileType = sourcecode.swift; path = BlackJackTests.swift; sourceTree = "<group>"; };
/* End PBXFileReference section */

/* Begin PBXFrameworksBuildPhase section */
		2906F2EB1A96F7BE0056B55C /* Frameworks */ = {
			isa = PBXFrameworksBuildPhase;
			buildActionMask = 2147483647;
			files = (
			);
			runOnlyForDeploymentPostprocessing = 0;
		};
		2906F3001A96F7BE0056B55C /* Frameworks */ = {
			isa = PBXFrameworksBuildPhase;
			buildActionMask = 2147483647;
			files = (
			);
			runOnlyForDeploymentPostprocessing = 0;
		};
/* End PBXFrameworksBuildPhase section */

/* Begin PBXGroup section */
		2906F2E51A96F7BE0056B55C = {
			isa = PBXGroup;
			children = (
				2906F2F01A96F7BE0056B55C /* BlackJack */,
				2906F3061A96F7BE0056B55C /* BlackJackTests */,
				2906F2EF1A96F7BE0056B55C /* Products */,
			);
			sourceTree = "<group>";
		};
		2906F2EF1A96F7BE0056B55C /* Products */ = {
			isa = PBXGroup;
			children = (
				2906F2EE1A96F7BE0056B55C /* BlackJack.app */,
				2906F3031A96F7BE0056B55C /* BlackJackTests.xctest */,
			);
			name = Products;
			sourceTree = "<group>";
		};
		2906F2F01A96F7BE0056B55C /* BlackJack */ = {
			isa = PBXGroup;
			children = (
				2906F2F31A96F7BE0056B55C /* AppDelegate.swift */,
				2906F2F51A96F7BE0056B55C /* ViewController.swift */,
				2906F2F71A96F7BE0056B55C /* Main.storyboard */,
				2906F2FA1A96F7BE0056B55C /* Images.xcassets */,
				2906F2FC1A96F7BE0056B55C /* LaunchScreen.xib */,
				2906F2F11A96F7BE0056B55C /* Supporting Files */,
			);
			path = BlackJack;
			sourceTree = "<group>";
		};
		2906F2F11A96F7BE0056B55C /* Supporting Files */ = {
			isa = PBXGroup;
			children = (
				2906F2F21A96F7BE0056B55C /* Info.plist */,
			);
			name = "Supporting Files";
			sourceTree = "<group>";
		};
		2906F3061A96F7BE0056B55C /* BlackJackTests */ = {
			isa = PBXGroup;
			children = (
				2906F3091A96F7BE0056B55C /* BlackJackTests.swift */,
				2906F3071A96F7BE0056B55C /* Supporting Files */,
			);
			path = BlackJackTests;
			sourceTree = "<group>";
		};
		2906F3071A96F7BE0056B55C /* Supporting Files */ = {
			isa = PBXGroup;
			children = (
				2906F3081A96F7BE0056B55C /* Info.plist */,
			);
			name = "Supporting Files";
			sourceTree = "<group>";
		};
/* End PBXGroup section */

/* Begin PBXNativeTarget section */
		2906F2ED1A96F7BE0056B55C /* BlackJack */ = {
			isa = PBXNativeTarget;
			buildConfigurationList = 2906F30D1A96F7BF0056B55C /* Build configuration list for PBXNativeTarget "BlackJack" */;
			buildPhases = (
				2906F2EA1A96F7BE0056B55C /* Sources */,
				2906F2EB1A96F7BE0056B55C /* Frameworks */,
				2906F2EC1A96F7BE0056B55C /* Resources */,
			);
			buildRules = (
			);
			dependencies = (
			);
			name = BlackJack;
			productName = BlackJack;
			productReference = 2906F2EE1A96F7BE0056B55C /* BlackJack.app */;
			productType = "com.apple.product-type.application";
		};
		2906F3021A96F7BE0056B55C /* BlackJackTests */ = {
			isa = PBXNativeTarget;
			buildConfigurationList = 2906F3101A96F7BF0056B55C /* Build configuration list for PBXNativeTarget "BlackJackTests" */;
			buildPhases = (
				2906F2FF1A96F7BE0056B55C /* Sources */,
				2906F3001A96F7BE0056B55C /* Frameworks */,
				2906F3011A96F7BE0056B55C /* Resources */,
			);
			buildRules = (
			);
			dependencies = (
				2906F3051A96F7BE0056B55C /* PBXTargetDependency */,
			);
			name = BlackJackTests;
			productName = BlackJackTests;
			productReference = 2906F3031A96F7BE0056B55C /* BlackJackTests.xctest */;
			productType = "com.apple.product-type.bundle.unit-test";
		};
/* End PBXNativeTarget section */

/* Begin PBXProject section */
		2906F2E61A96F7BE0056B55C /* Project object */ = {
			isa = PBXProject;
			attributes = {
				LastUpgradeCheck = 0610;
				ORGANIZATIONNAME = Asees;
				TargetAttributes = {
					2906F2ED1A96F7BE0056B55C = {
						CreatedOnToolsVersion = 6.1;
					};
					2906F3021A96F7BE0056B55C = {
						CreatedOnToolsVersion = 6.1;
						TestTargetID = 2906F2ED1A96F7BE0056B55C;
					};
				};
			};
			buildConfigurationList = 2906F2E91A96F7BE0056B55C /* Build configuration list for PBXProject "BlackJack" */;
			compatibilityVersion = "Xcode 3.2";
			developmentRegion = English;
			hasScannedForEncodings = 0;
			knownRegions = (
				en,
				Base,
			);
			mainGroup = 2906F2E51A96F7BE0056B55C;
			productRefGroup = 2906F2EF1A96F7BE0056B55C /* Products */;
			projectDirPath = "";
			projectRoot = "";
			targets = (
				2906F2ED1A96F7BE0056B55C /* BlackJack */,
				2906F3021A96F7BE0056B55C /* BlackJackTests */,
			);
		};
/* End PBXProject section */

/* Begin PBXResourcesBuildPhase section */
		2906F2EC1A96F7BE0056B55C /* Resources */ = {
			isa = PBXResourcesBuildPhase;
			buildActionMask = 2147483647;
			files = (
				2906F2F91A96F7BE0056B55C /* Main.storyboard in Resources */,
				2906F2FE1A96F7BE0056B55C /* LaunchScreen.xib in Resources */,
				2906F2FB1A96F7BE0056B55C /* Images.xcassets in Resources */,
			);
			runOnlyForDeploymentPostprocessing = 0;
		};
		2906F3011A96F7BE0056B55C /* Resources */ = {
			isa = PBXResourcesBuildPhase;
			buildActionMask = 2147483647;
			files = (
			);
			runOnlyForDeploymentPostprocessing = 0;
		};
/* End PBXResourcesBuildPhase section */

/* Begin PBXSourcesBuildPhase section */
		2906F2EA1A96F7BE0056B55C /* Sources */ = {
			isa = PBXSourcesBuildPhase;
			buildActionMask = 2147483647;
			files = (
				2906F2F61A96F7BE0056B55C /* ViewController.swift in Sources */,
				2906F2F41A96F7BE0056B55C /* AppDelegate.swift in Sources */,
			);
			runOnlyForDeploymentPostprocessing = 0;
		};
		2906F2FF1A96F7BE0056B55C /* Sources */ = {
			isa = PBXSourcesBuildPhase;
			buildActionMask = 2147483647;
			files = (
				2906F30A1A96F7BE0056B55C /* BlackJackTests.swift in Sources */,
			);
			runOnlyForDeploymentPostprocessing = 0;
		};
/* End PBXSourcesBuildPhase section */

/* Begin PBXTargetDependency section */
		2906F3051A96F7BE0056B55C /* PBXTargetDependency */ = {
			isa = PBXTargetDependency;
			target = 2906F2ED1A96F7BE0056B55C /* BlackJack */;
			targetProxy = 2906F3041A96F7BE0056B55C /* PBXContainerItemProxy */;
		};
/* End PBXTargetDependency section */

/* Begin PBXVariantGroup section */
		2906F2F71A96F7BE0056B55C /* Main.storyboard */ = {
			isa = PBXVariantGroup;
			children = (
				2906F2F81A96F7BE0056B55C /* Base */,
			);
			name = Main.storyboard;
			sourceTree = "<group>";
		};
		2906F2FC1A96F7BE0056B55C /* LaunchScreen.xib */ = {
			isa = PBXVariantGroup;
			children = (
				2906F2FD1A96F7BE0056B55C /* Base */,
			);
			name = LaunchScreen.xib;
			sourceTree = "<group>";
		};
/* End PBXVariantGroup section */

/* Begin XCBuildConfiguration section */
		2906F30B1A96F7BF0056B55C /* Debug */ = {
			isa = XCBuildConfiguration;
			buildSettings = {
				ALWAYS_SEARCH_USER_PATHS = NO;
				CLANG_CXX_LANGUAGE_STANDARD = "gnu++0x";
				CLANG_CXX_LIBRARY = "libc++";
				CLANG_ENABLE_MODULES = YES;
				CLANG_ENABLE_OBJC_ARC = YES;
				CLANG_WARN_BOOL_CONVERSION = YES;
				CLANG_WARN_CONSTANT_CONVERSION = YES;
				CLANG_WARN_DIRECT_OBJC_ISA_USAGE = YES_ERROR;
				CLANG_WARN_EMPTY_BODY = YES;
				CLANG_WARN_ENUM_CONVERSION = YES;
				CLANG_WARN_INT_CONVERSION = YES;
				CLANG_WARN_OBJC_ROOT_CLASS = YES_ERROR;
				CLANG_WARN_UNREACHABLE_CODE = YES;
				CLANG_WARN__DUPLICATE_METHOD_MATCH = YES;
				"CODE_SIGN_IDENTITY[sdk=iphoneos*]" = "iPhone Developer";
				COPY_PHASE_STRIP = NO;
				ENABLE_STRICT_OBJC_MSGSEND = YES;
				GCC_C_LANGUAGE_STANDARD = gnu99;
				GCC_DYNAMIC_NO_PIC = NO;
				GCC_OPTIMIZATION_LEVEL = 0;
				GCC_PREPROCESSOR_DEFINITIONS = (
					"DEBUG=1",
					"$(inherited)",
				);
				GCC_SYMBOLS_PRIVATE_EXTERN = NO;
				GCC_WARN_64_TO_32_BIT_CONVERSION = YES;
				GCC_WARN_ABOUT_RETURN_TYPE = YES_ERROR;
				GCC_WARN_UNDECLARED_SELECTOR = YES;
				GCC_WARN_UNINITIALIZED_AUTOS = YES_AGGRESSIVE;
				GCC_WARN_UNUSED_FUNCTION = YES;
				GCC_WARN_UNUSED_VARIABLE = YES;
				IPHONEOS_DEPLOYMENT_TARGET = 8.1;
				MTL_ENABLE_DEBUG_INFO = YES;
				ONLY_ACTIVE_ARCH = YES;
				SDKROOT = iphoneos;
				SWIFT_OPTIMIZATION_LEVEL = "-Onone";
			};
			name = Debug;
		};
		2906F30C1A96F7BF0056B55C /* Release */ = {
			isa = XCBuildConfiguration;
			buildSettings = {
				ALWAYS_SEARCH_USER_PATHS = NO;
				CLANG_CXX_LANGUAGE_STANDARD = "gnu++0x";
				CLANG_CXX_LIBRARY = "libc++";
				CLANG_ENABLE_MODULES = YES;
				CLANG_ENABLE_OBJC_ARC = YES;
				CLANG_WARN_BOOL_CONVERSION = YES;
				CLANG_WARN_CONSTANT_CONVERSION = YES;
				CLANG_WARN_DIRECT_OBJC_ISA_USAGE = YES_ERROR;
				CLANG_WARN_EMPTY_BODY = YES;
				CLANG_WARN_ENUM_CONVERSION = YES;
				CLANG_WARN_INT_CONVERSION = YES;
				CLANG_WARN_OBJC_ROOT_CLASS = YES_ERROR;
				CLANG_WARN_UNREACHABLE_CODE = YES;
				CLANG_WARN__DUPLICATE_METHOD_MATCH = YES;
				"CODE_SIGN_IDENTITY[sdk=iphoneos*]" = "iPhone Developer";
				COPY_PHASE_STRIP = YES;
				ENABLE_NS_ASSERTIONS = NO;
				ENABLE_STRICT_OBJC_MSGSEND = YES;
				GCC_C_LANGUAGE_STANDARD = gnu99;
				GCC_WARN_64_TO_32_BIT_CONVERSION = YES;
				GCC_WARN_ABOUT_RETURN_TYPE = YES_ERROR;
				GCC_WARN_UNDECLARED_SELECTOR = YES;
				GCC_WARN_UNINITIALIZED_AUTOS = YES_AGGRESSIVE;
				GCC_WARN_UNUSED_FUNCTION = YES;
				GCC_WARN_UNUSED_VARIABLE = YES;
				IPHONEOS_DEPLOYMENT_TARGET = 8.1;
				MTL_ENABLE_DEBUG_INFO = NO;
				SDKROOT = iphoneos;
				VALIDATE_PRODUCT = YES;
			};
			name = Release;
		};
		2906F30E1A96F7BF0056B55C /* Debug */ = {
			isa = XCBuildConfiguration;
			buildSettings = {
				ASSETCATALOG_COMPILER_APPICON_NAME = AppIcon;
				INFOPLIST_FILE = BlackJack/Info.plist;
				LD_RUNPATH_SEARCH_PATHS = "$(inherited) @executable_path/Frameworks";
				PRODUCT_NAME = "$(TARGET_NAME)";
			};
			name = Debug;
		};
		2906F30F1A96F7BF0056B55C /* Release */ = {
			isa = XCBuildConfiguration;
			buildSettings = {
				ASSETCATALOG_COMPILER_APPICON_NAME = AppIcon;
				INFOPLIST_FILE = BlackJack/Info.plist;
				LD_RUNPATH_SEARCH_PATHS = "$(inherited) @executable_path/Frameworks";
				PRODUCT_NAME = "$(TARGET_NAME)";
			};
			name = Release;
		};
		2906F3111A96F7BF0056B55C /* Debug */ = {
			isa = XCBuildConfiguration;
			buildSettings = {
				BUNDLE_LOADER = "$(TEST_HOST)";
				FRAMEWORK_SEARCH_PATHS = (
					"$(SDKROOT)/Developer/Library/Frameworks",
					"$(inherited)",
				);
				GCC_PREPROCESSOR_DEFINITIONS = (
					"DEBUG=1",
					"$(inherited)",
				);
				INFOPLIST_FILE = BlackJackTests/Info.plist;
				LD_RUNPATH_SEARCH_PATHS = "$(inherited) @executable_path/Frameworks @loader_path/Frameworks";
				PRODUCT_NAME = "$(TARGET_NAME)";
				TEST_HOST = "$(BUILT_PRODUCTS_DIR)/BlackJack.app/BlackJack";
			};
			name = Debug;
		};
		2906F3121A96F7BF0056B55C /* Release */ = {
			isa = XCBuildConfiguration;
			buildSettings = {
				BUNDLE_LOADER = "$(TEST_HOST)";
				FRAMEWORK_SEARCH_PATHS = (
					"$(SDKROOT)/Developer/Library/Frameworks",
					"$(inherited)",
				);
				INFOPLIST_FILE = BlackJackTests/Info.plist;
				LD_RUNPATH_SEARCH_PATHS = "$(inherited) @executable_path/Frameworks @loader_path/Frameworks";
				PRODUCT_NAME = "$(TARGET_NAME)";
				TEST_HOST = "$(BUILT_PRODUCTS_DIR)/BlackJack.app/BlackJack";
			};
			name = Release;
		};
/* End XCBuildConfiguration section */

/* Begin XCConfigurationList section */
		2906F2E91A96F7BE0056B55C /* Build configuration list for PBXProject "BlackJack" */ = {
			isa = XCConfigurationList;
			buildConfigurations = (
				2906F30B1A96F7BF0056B55C /* Debug */,
				2906F30C1A96F7BF0056B55C /* Release */,
			);
			defaultConfigurationIsVisible = 0;
			defaultConfigurationName = Release;
		};
		2906F30D1A96F7BF0056B55C /* Build configuration list for PBXNativeTarget "BlackJack" */ = {
			isa = XCConfigurationList;
			buildConfigurations = (
				2906F30E1A96F7BF0056B55C /* Debug */,
				2906F30F1A96F7BF0056B55C /* Release */,
			);
			defaultConfigurationIsVisible = 0;
		};
		2906F3101A96F7BF0056B55C /* Build configuration list for PBXNativeTarget "BlackJackTests" */ = {
			isa = XCConfigurationList;
			buildConfigurations = (
				2906F3111A96F7BF0056B55C /* Debug */,
				2906F3121A96F7BF0056B55C /* Release */,
			);
			defaultConfigurationIsVisible = 0;
		};
/* End XCConfigurationList section */
	};
	rootObject = 2906F2E61A96F7BE0056B55C /* Project object */;
}
